
Microsoft Visual Studio Solution File, Format Version 12.00
# Visual Studio 2015
Project("{FAE04EC0-301F-11D3-BF4B-00C04F79EFBC}") = "CastleOffence.CSharp", "CastleOffence.CSharp.csproj", "{DB7BC007-FC1C-DC71-FD03-0146BCC56627}"
EndProject
Project("{FAE04EC0-301F-11D3-BF4B-00C04F79EFBC}") = "CastleOffence.CSharp.Editor", "CastleOffence.CSharp.Editor.csproj", "{5B82653C-E21B-DC40-9569-372DF1B868CC}"
EndProject
Global
	GlobalSection(SolutionConfigurationPlatforms) = preSolution
		Debug|Any CPU = Debug|Any CPU
		Release|Any CPU = Release|Any CPU
	EndGlobalSection
	GlobalSection(ProjectConfigurationPlatforms) = postSolution
		{DB7BC007-FC1C-DC71-FD03-0146BCC56627}.Debug|Any CPU.ActiveCfg = Debug|Any CPU
		{DB7BC007-FC1C-DC71-FD03-0146BCC56627}.Debug|Any CPU.Build.0 = Debug|Any CPU
		{DB7BC007-FC1C-DC71-FD03-0146BCC56627}.Release|Any CPU.ActiveCfg = Release|Any CPU
		{DB7BC007-FC1C-DC71-FD03-0146BCC56627}.Release|Any CPU.Build.0 = Release|Any CPU
		{5B82653C-E21B-DC40-9569-372DF1B868CC}.Debug|Any CPU.ActiveCfg = Debug|Any CPU
		{5B82653C-E21B-DC40-9569-372DF1B868CC}.Debug|Any CPU.Build.0 = Debug|Any CPU
		{5B82653C-E21B-DC40-9569-372DF1B868CC}.Release|Any CPU.ActiveCfg = Release|Any CPU
		{5B82653C-E21B-DC40-9569-372DF1B868CC}.Release|Any CPU.Build.0 = Release|Any CPU
	EndGlobalSection
	GlobalSection(SolutionProperties) = preSolution
		HideSolutionNode = FALSE
	EndGlobalSection
EndGlobal
