
Microsoft Visual Studio Solution File, Format Version 12.00
# Visual Studio 2015
Project("{FAE04EC0-301F-11D3-BF4B-00C04F79EFBC}") = "UnityVS.CastleOffence.CSharp", "UnityVS.CastleOffence.CSharp.csproj", "{07C5D7CB-AA7D-E1A7-1CA9-C8FB16788CCE}"
EndProject
Project("{FAE04EC0-301F-11D3-BF4B-00C04F79EFBC}") = "UnityVS.CastleOffence.CSharp.Editor", "UnityVS.CastleOffence.CSharp.Editor.csproj", "{40EB20E6-A6E6-887A-68F5-76C5EB008F1A}"
EndProject
Global
	GlobalSection(SolutionConfigurationPlatforms) = preSolution
		Debug|Any CPU = Debug|Any CPU
		Release|Any CPU = Release|Any CPU
	EndGlobalSection
	GlobalSection(ProjectConfigurationPlatforms) = postSolution
		{07C5D7CB-AA7D-E1A7-1CA9-C8FB16788CCE}.Debug|Any CPU.ActiveCfg = Debug|Any CPU
		{07C5D7CB-AA7D-E1A7-1CA9-C8FB16788CCE}.Debug|Any CPU.Build.0 = Debug|Any CPU
		{07C5D7CB-AA7D-E1A7-1CA9-C8FB16788CCE}.Release|Any CPU.ActiveCfg = Release|Any CPU
		{07C5D7CB-AA7D-E1A7-1CA9-C8FB16788CCE}.Release|Any CPU.Build.0 = Release|Any CPU
		{40EB20E6-A6E6-887A-68F5-76C5EB008F1A}.Debug|Any CPU.ActiveCfg = Debug|Any CPU
		{40EB20E6-A6E6-887A-68F5-76C5EB008F1A}.Debug|Any CPU.Build.0 = Debug|Any CPU
		{40EB20E6-A6E6-887A-68F5-76C5EB008F1A}.Release|Any CPU.ActiveCfg = Release|Any CPU
		{40EB20E6-A6E6-887A-68F5-76C5EB008F1A}.Release|Any CPU.Build.0 = Release|Any CPU
	EndGlobalSection
	GlobalSection(SolutionProperties) = preSolution
		HideSolutionNode = FALSE
	EndGlobalSection
EndGlobal
